
Microsoft Visual Studio Solution File, Format Version 12.00
# Visual Studio 15
VisualStudioVersion = 15.0.27130.2020
MinimumVisualStudioVersion = 10.0.40219.1
Project("{FAE04EC0-301F-11D3-BF4B-00C04F79EFBC}") = "PMMYA", "PMMYA\PMMYA.csproj", "{D3382675-C9CA-4CCE-8E6B-52D3A2C97172}"
EndProject
Project("{FAE04EC0-301F-11D3-BF4B-00C04F79EFBC}") = "Schema", "Schema\Schema.csproj", "{B9128F5A-E717-4E46-BD40-A63304FEF06B}"
EndProject
Project("{FAE04EC0-301F-11D3-BF4B-00C04F79EFBC}") = "DAL", "DAL\DAL.csproj", "{C9DC2D1C-7EC0-48CF-8B9C-08F830E15FC2}"
EndProject
Project("{FAE04EC0-301F-11D3-BF4B-00C04F79EFBC}") = "Helper", "Helper\Helper.csproj", "{1956B3E3-E83A-4FEB-931D-28F9D0ACDBB8}"
EndProject
Project("{FAE04EC0-301F-11D3-BF4B-00C04F79EFBC}") = "BL", "BL\BL.csproj", "{83045D94-D1BF-4B02-8415-960E352BEF50}"
EndProject
Global
	GlobalSection(SolutionConfigurationPlatforms) = preSolution
		Debug|Any CPU = Debug|Any CPU
		Release|Any CPU = Release|Any CPU
	EndGlobalSection
	GlobalSection(ProjectConfigurationPlatforms) = postSolution
		{D3382675-C9CA-4CCE-8E6B-52D3A2C97172}.Debug|Any CPU.ActiveCfg = Debug|Any CPU
		{D3382675-C9CA-4CCE-8E6B-52D3A2C97172}.Debug|Any CPU.Build.0 = Debug|Any CPU
		{D3382675-C9CA-4CCE-8E6B-52D3A2C97172}.Release|Any CPU.ActiveCfg = Release|Any CPU
		{D3382675-C9CA-4CCE-8E6B-52D3A2C97172}.Release|Any CPU.Build.0 = Release|Any CPU
		{B9128F5A-E717-4E46-BD40-A63304FEF06B}.Debug|Any CPU.ActiveCfg = Debug|Any CPU
		{B9128F5A-E717-4E46-BD40-A63304FEF06B}.Debug|Any CPU.Build.0 = Debug|Any CPU
		{B9128F5A-E717-4E46-BD40-A63304FEF06B}.Release|Any CPU.ActiveCfg = Release|Any CPU
		{B9128F5A-E717-4E46-BD40-A63304FEF06B}.Release|Any CPU.Build.0 = Release|Any CPU
		{C9DC2D1C-7EC0-48CF-8B9C-08F830E15FC2}.Debug|Any CPU.ActiveCfg = Debug|Any CPU
		{C9DC2D1C-7EC0-48CF-8B9C-08F830E15FC2}.Debug|Any CPU.Build.0 = Debug|Any CPU
		{C9DC2D1C-7EC0-48CF-8B9C-08F830E15FC2}.Release|Any CPU.ActiveCfg = Release|Any CPU
		{C9DC2D1C-7EC0-48CF-8B9C-08F830E15FC2}.Release|Any CPU.Build.0 = Release|Any CPU
		{1956B3E3-E83A-4FEB-931D-28F9D0ACDBB8}.Debug|Any CPU.ActiveCfg = Debug|Any CPU
		{1956B3E3-E83A-4FEB-931D-28F9D0ACDBB8}.Debug|Any CPU.Build.0 = Debug|Any CPU
		{1956B3E3-E83A-4FEB-931D-28F9D0ACDBB8}.Release|Any CPU.ActiveCfg = Release|Any CPU
		{1956B3E3-E83A-4FEB-931D-28F9D0ACDBB8}.Release|Any CPU.Build.0 = Release|Any CPU
		{83045D94-D1BF-4B02-8415-960E352BEF50}.Debug|Any CPU.ActiveCfg = Debug|Any CPU
		{83045D94-D1BF-4B02-8415-960E352BEF50}.Debug|Any CPU.Build.0 = Debug|Any CPU
		{83045D94-D1BF-4B02-8415-960E352BEF50}.Release|Any CPU.ActiveCfg = Release|Any CPU
		{83045D94-D1BF-4B02-8415-960E352BEF50}.Release|Any CPU.Build.0 = Release|Any CPU
	EndGlobalSection
	GlobalSection(SolutionProperties) = preSolution
		HideSolutionNode = FALSE
	EndGlobalSection
	GlobalSection(ExtensibilityGlobals) = postSolution
		SolutionGuid = {9A12559E-2A7C-4A48-8185-D73994D70115}
	EndGlobalSection
EndGlobal
